
Microsoft Visual Studio Solution File, Format Version 12.00
# Visual Studio Version 16
VisualStudioVersion = 16.0.31729.503
MinimumVisualStudioVersion = 10.0.40219.1
Project("{FAE04EC0-301F-11D3-BF4B-00C04F79EFBC}") = "PigDice", "PigDice.csproj", "{81AFBD2F-5475-4D0C-B84D-9BF04AC8B3A4}"
EndProject
Global
	GlobalSection(SolutionConfigurationPlatforms) = preSolution
		Debug|Any CPU = Debug|Any CPU
		Release|Any CPU = Release|Any CPU
	EndGlobalSection
	GlobalSection(ProjectConfigurationPlatforms) = postSolution
		{81AFBD2F-5475-4D0C-B84D-9BF04AC8B3A4}.Debug|Any CPU.ActiveCfg = Debug|Any CPU
		{81AFBD2F-5475-4D0C-B84D-9BF04AC8B3A4}.Debug|Any CPU.Build.0 = Debug|Any CPU
		{81AFBD2F-5475-4D0C-B84D-9BF04AC8B3A4}.Release|Any CPU.ActiveCfg = Release|Any CPU
		{81AFBD2F-5475-4D0C-B84D-9BF04AC8B3A4}.Release|Any CPU.Build.0 = Release|Any CPU
	EndGlobalSection
	GlobalSection(SolutionProperties) = preSolution
		HideSolutionNode = FALSE
	EndGlobalSection
	GlobalSection(ExtensibilityGlobals) = postSolution
		SolutionGuid = {C4522BF9-8F56-4D49-89DB-57CBDBDA0D71}
	EndGlobalSection
EndGlobal
